// !$*UTF8*$!
{
	archiveVersion = 1;
	classes = {
	};
	objectVersion = 46;
	objects = {

/* Begin PBXBuildFile section */
		43F69B321A6C23DA00722282 /* main.m in Sources */ = {isa = PBXBuildFile; fileRef = 43F69B311A6C23DA00722282 /* main.m */; };
		43F69B351A6C23DA00722282 /* AppDelegate.m in Sources */ = {isa = PBXBuildFile; fileRef = 43F69B341A6C23DA00722282 /* AppDelegate.m */; };
		43F69B3B1A6C23DA00722282 /* Main.storyboard in Resources */ = {isa = PBXBuildFile; fileRef = 43F69B391A6C23DA00722282 /* Main.storyboard */; };
		43F69B3D1A6C23DA00722282 /* Images.xcassets in Resources */ = {isa = PBXBuildFile; fileRef = 43F69B3C1A6C23DA00722282 /* Images.xcassets */; };
		43F69B401A6C23DA00722282 /* LaunchScreen.xib in Resources */ = {isa = PBXBuildFile; fileRef = 43F69B3E1A6C23DA00722282 /* LaunchScreen.xib */; };
		43F69B4C1A6C23DA00722282 /* TaxCalculatorTests.m in Sources */ = {isa = PBXBuildFile; fileRef = 43F69B4B1A6C23DA00722282 /* TaxCalculatorTests.m */; };
		43F69B571A6C23EE00722282 /* RootViewController.m in Sources */ = {isa = PBXBuildFile; fileRef = 43F69B561A6C23EE00722282 /* RootViewController.m */; };
/* End PBXBuildFile section */

/* Begin PBXContainerItemProxy section */
		43F69B461A6C23DA00722282 /* PBXContainerItemProxy */ = {
			isa = PBXContainerItemProxy;
			containerPortal = 43F69B241A6C23DA00722282 /* Project object */;
			proxyType = 1;
			remoteGlobalIDString = 43F69B2B1A6C23DA00722282;
			remoteInfo = TaxCalculator;
		};
/* End PBXContainerItemProxy section */

/* Begin PBXFileReference section */
		43F69B2C1A6C23DA00722282 /* TaxCalculator.app */ = {isa = PBXFileReference; explicitFileType = wrapper.application; includeInIndex = 0; path = TaxCalculator.app; sourceTree = BUILT_PRODUCTS_DIR; };
		43F69B301A6C23DA00722282 /* Info.plist */ = {isa = PBXFileReference; lastKnownFileType = text.plist.xml; path = Info.plist; sourceTree = "<group>"; };
		43F69B311A6C23DA00722282 /* main.m */ = {isa = PBXFileReference; lastKnownFileType = sourcecode.c.objc; path = main.m; sourceTree = "<group>"; };
		43F69B331A6C23DA00722282 /* AppDelegate.h */ = {isa = PBXFileReference; lastKnownFileType = sourcecode.c.h; path = AppDelegate.h; sourceTree = "<group>"; };
		43F69B341A6C23DA00722282 /* AppDelegate.m */ = {isa = PBXFileReference; lastKnownFileType = sourcecode.c.objc; path = AppDelegate.m; sourceTree = "<group>"; };
		43F69B3A1A6C23DA00722282 /* Base */ = {isa = PBXFileReference; lastKnownFileType = file.storyboard; name = Base; path = Base.lproj/Main.storyboard; sourceTree = "<group>"; };
		43F69B3C1A6C23DA00722282 /* Images.xcassets */ = {isa = PBXFileReference; lastKnownFileType = folder.assetcatalog; path = Images.xcassets; sourceTree = "<group>"; };
		43F69B3F1A6C23DA00722282 /* Base */ = {isa = PBXFileReference; lastKnownFileType = file.xib; name = Base; path = Base.lproj/LaunchScreen.xib; sourceTree = "<group>"; };
		43F69B451A6C23DA00722282 /* TaxCalculatorTests.xctest */ = {isa = PBXFileReference; explicitFileType = wrapper.cfbundle; includeInIndex = 0; path = TaxCalculatorTests.xctest; sourceTree = BUILT_PRODUCTS_DIR; };
		43F69B4A1A6C23DA00722282 /* Info.plist */ = {isa = PBXFileReference; lastKnownFileType = text.plist.xml; path = Info.plist; sourceTree = "<group>"; };
		43F69B4B1A6C23DA00722282 /* TaxCalculatorTests.m */ = {isa = PBXFileReference; lastKnownFileType = sourcecode.c.objc; path = TaxCalculatorTests.m; sourceTree = "<group>"; };
		43F69B551A6C23EE00722282 /* RootViewController.h */ = {isa = PBXFileReference; fileEncoding = 4; lastKnownFileType = sourcecode.c.h; name = RootViewController.h; path = ../RootViewController.h; sourceTree = "<group>"; };
		43F69B561A6C23EE00722282 /* RootViewController.m */ = {isa = PBXFileReference; fileEncoding = 4; lastKnownFileType = sourcecode.c.objc; name = RootViewController.m; path = ../RootViewController.m; sourceTree = "<group>"; };
/* End PBXFileReference section */

/* Begin PBXFrameworksBuildPhase section */
		43F69B291A6C23DA00722282 /* Frameworks */ = {
			isa = PBXFrameworksBuildPhase;
			buildActionMask = 2147483647;
			files = (
			);
			runOnlyForDeploymentPostprocessing = 0;
		};
		43F69B421A6C23DA00722282 /* Frameworks */ = {
			isa = PBXFrameworksBuildPhase;
			buildActionMask = 2147483647;
			files = (
			);
			runOnlyForDeploymentPostprocessing = 0;
		};
/* End PBXFrameworksBuildPhase section */

/* Begin PBXGroup section */
		43F69B231A6C23DA00722282 = {
			isa = PBXGroup;
			children = (
				43F69B2E1A6C23DA00722282 /* TaxCalculator */,
				43F69B481A6C23DA00722282 /* TaxCalculatorTests */,
				43F69B2D1A6C23DA00722282 /* Products */,
			);
			sourceTree = "<group>";
		};
		43F69B2D1A6C23DA00722282 /* Products */ = {
			isa = PBXGroup;
			children = (
				43F69B2C1A6C23DA00722282 /* TaxCalculator.app */,
				43F69B451A6C23DA00722282 /* TaxCalculatorTests.xctest */,
			);
			name = Products;
			sourceTree = "<group>";
		};
		43F69B2E1A6C23DA00722282 /* TaxCalculator */ = {
			isa = PBXGroup;
			children = (
				43F69B551A6C23EE00722282 /* RootViewController.h */,
				43F69B561A6C23EE00722282 /* RootViewController.m */,
				43F69B331A6C23DA00722282 /* AppDelegate.h */,
				43F69B341A6C23DA00722282 /* AppDelegate.m */,
				43F69B391A6C23DA00722282 /* Main.storyboard */,
				43F69B3C1A6C23DA00722282 /* Images.xcassets */,
				43F69B3E1A6C23DA00722282 /* LaunchScreen.xib */,
				43F69B2F1A6C23DA00722282 /* Supporting Files */,
			);
			path = TaxCalculator;
			sourceTree = "<group>";
		};
		43F69B2F1A6C23DA00722282 /* Supporting Files */ = {
			isa = PBXGroup;
			children = (
				43F69B301A6C23DA00722282 /* Info.plist */,
				43F69B311A6C23DA00722282 /* main.m */,
			);
			name = "Supporting Files";
			sourceTree = "<group>";
		};
		43F69B481A6C23DA00722282 /* TaxCalculatorTests */ = {
			isa = PBXGroup;
			children = (
				43F69B4B1A6C23DA00722282 /* TaxCalculatorTests.m */,
				43F69B491A6C23DA00722282 /* Supporting Files */,
			);
			path = TaxCalculatorTests;
			sourceTree = "<group>";
		};
		43F69B491A6C23DA00722282 /* Supporting Files */ = {
			isa = PBXGroup;
			children = (
				43F69B4A1A6C23DA00722282 /* Info.plist */,
			);
			name = "Supporting Files";
			sourceTree = "<group>";
		};
/* End PBXGroup section */

/* Begin PBXNativeTarget section */
		43F69B2B1A6C23DA00722282 /* TaxCalculator */ = {
			isa = PBXNativeTarget;
			buildConfigurationList = 43F69B4F1A6C23DA00722282 /* Build configuration list for PBXNativeTarget "TaxCalculator" */;
			buildPhases = (
				43F69B281A6C23DA00722282 /* Sources */,
				43F69B291A6C23DA00722282 /* Frameworks */,
				43F69B2A1A6C23DA00722282 /* Resources */,
			);
			buildRules = (
			);
			dependencies = (
			);
			name = TaxCalculator;
			productName = TaxCalculator;
			productReference = 43F69B2C1A6C23DA00722282 /* TaxCalculator.app */;
			productType = "com.apple.product-type.application";
		};
		43F69B441A6C23DA00722282 /* TaxCalculatorTests */ = {
			isa = PBXNativeTarget;
			buildConfigurationList = 43F69B521A6C23DA00722282 /* Build configuration list for PBXNativeTarget "TaxCalculatorTests" */;
			buildPhases = (
				43F69B411A6C23DA00722282 /* Sources */,
				43F69B421A6C23DA00722282 /* Frameworks */,
				43F69B431A6C23DA00722282 /* Resources */,
			);
			buildRules = (
			);
			dependencies = (
				43F69B471A6C23DA00722282 /* PBXTargetDependency */,
			);
			name = TaxCalculatorTests;
			productName = TaxCalculatorTests;
			productReference = 43F69B451A6C23DA00722282 /* TaxCalculatorTests.xctest */;
			productType = "com.apple.product-type.bundle.unit-test";
		};
/* End PBXNativeTarget section */

/* Begin PBXProject section */
		43F69B241A6C23DA00722282 /* Project object */ = {
			isa = PBXProject;
			attributes = {
				LastUpgradeCheck = 0620;
				ORGANIZATIONNAME = "Anthony Dagati";
				TargetAttributes = {
					43F69B2B1A6C23DA00722282 = {
						CreatedOnToolsVersion = 6.2;
					};
					43F69B441A6C23DA00722282 = {
						CreatedOnToolsVersion = 6.2;
						TestTargetID = 43F69B2B1A6C23DA00722282;
					};
				};
			};
			buildConfigurationList = 43F69B271A6C23DA00722282 /* Build configuration list for PBXProject "TaxCalculator" */;
			compatibilityVersion = "Xcode 3.2";
			developmentRegion = English;
			hasScannedForEncodings = 0;
			knownRegions = (
				en,
				Base,
			);
			mainGroup = 43F69B231A6C23DA00722282;
			productRefGroup = 43F69B2D1A6C23DA00722282 /* Products */;
			projectDirPath = "";
			projectRoot = "";
			targets = (
				43F69B2B1A6C23DA00722282 /* TaxCalculator */,
				43F69B441A6C23DA00722282 /* TaxCalculatorTests */,
			);
		};
/* End PBXProject section */

/* Begin PBXResourcesBuildPhase section */
		43F69B2A1A6C23DA00722282 /* Resources */ = {
			isa = PBXResourcesBuildPhase;
			buildActionMask = 2147483647;
			files = (
				43F69B3B1A6C23DA00722282 /* Main.storyboard in Resources */,
				43F69B401A6C23DA00722282 /* LaunchScreen.xib in Resources */,
				43F69B3D1A6C23DA00722282 /* Images.xcassets in Resources */,
			);
			runOnlyForDeploymentPostprocessing = 0;
		};
		43F69B431A6C23DA00722282 /* Resources */ = {
			isa = PBXResourcesBuildPhase;
			buildActionMask = 2147483647;
			files = (
			);
			runOnlyForDeploymentPostprocessing = 0;
		};
/* End PBXResourcesBuildPhase section */

/* Begin PBXSourcesBuildPhase section */
		43F69B281A6C23DA00722282 /* Sources */ = {
			isa = PBXSourcesBuildPhase;
			buildActionMask = 2147483647;
			files = (
				43F69B351A6C23DA00722282 /* AppDelegate.m in Sources */,
				43F69B321A6C23DA00722282 /* main.m in Sources */,
				43F69B571A6C23EE00722282 /* RootViewController.m in Sources */,
			);
			runOnlyForDeploymentPostprocessing = 0;
		};
		43F69B411A6C23DA00722282 /* Sources */ = {
			isa = PBXSourcesBuildPhase;
			buildActionMask = 2147483647;
			files = (
				43F69B4C1A6C23DA00722282 /* TaxCalculatorTests.m in Sources */,
			);
			runOnlyForDeploymentPostprocessing = 0;
		};
/* End PBXSourcesBuildPhase section */

/* Begin PBXTargetDependency section */
		43F69B471A6C23DA00722282 /* PBXTargetDependency */ = {
			isa = PBXTargetDependency;
			target = 43F69B2B1A6C23DA00722282 /* TaxCalculator */;
			targetProxy = 43F69B461A6C23DA00722282 /* PBXContainerItemProxy */;
		};
/* End PBXTargetDependency section */

/* Begin PBXVariantGroup section */
		43F69B391A6C23DA00722282 /* Main.storyboard */ = {
			isa = PBXVariantGroup;
			children = (
				43F69B3A1A6C23DA00722282 /* Base */,
			);
			name = Main.storyboard;
			sourceTree = "<group>";
		};
		43F69B3E1A6C23DA00722282 /* LaunchScreen.xib */ = {
			isa = PBXVariantGroup;
			children = (
				43F69B3F1A6C23DA00722282 /* Base */,
			);
			name = LaunchScreen.xib;
			sourceTree = "<group>";
		};
/* End PBXVariantGroup section */

/* Begin XCBuildConfiguration section */
		43F69B4D1A6C23DA00722282 /* Debug */ = {
			isa = XCBuildConfiguration;
			buildSettings = {
				ALWAYS_SEARCH_USER_PATHS = NO;
				CLANG_CXX_LANGUAGE_STANDARD = "gnu++0x";
				CLANG_CXX_LIBRARY = "libc++";
				CLANG_ENABLE_MODULES = YES;
				CLANG_ENABLE_OBJC_ARC = YES;
				CLANG_WARN_BOOL_CONVERSION = YES;
				CLANG_WARN_CONSTANT_CONVERSION = YES;
				CLANG_WARN_DIRECT_OBJC_ISA_USAGE = YES_ERROR;
				CLANG_WARN_EMPTY_BODY = YES;
				CLANG_WARN_ENUM_CONVERSION = YES;
				CLANG_WARN_INT_CONVERSION = YES;
				CLANG_WARN_OBJC_ROOT_CLASS = YES_ERROR;
				CLANG_WARN_UNREACHABLE_CODE = YES;
				CLANG_WARN__DUPLICATE_METHOD_MATCH = YES;
				"CODE_SIGN_IDENTITY[sdk=iphoneos*]" = "iPhone Developer";
				COPY_PHASE_STRIP = NO;
				ENABLE_STRICT_OBJC_MSGSEND = YES;
				GCC_C_LANGUAGE_STANDARD = gnu99;
				GCC_DYNAMIC_NO_PIC = NO;
				GCC_OPTIMIZATION_LEVEL = 0;
				GCC_PREPROCESSOR_DEFINITIONS = (
					"DEBUG=1",
					"$(inherited)",
				);
				GCC_SYMBOLS_PRIVATE_EXTERN = NO;
				GCC_WARN_64_TO_32_BIT_CONVERSION = YES;
				GCC_WARN_ABOUT_RETURN_TYPE = YES_ERROR;
				GCC_WARN_UNDECLARED_SELECTOR = YES;
				GCC_WARN_UNINITIALIZED_AUTOS = YES_AGGRESSIVE;
				GCC_WARN_UNUSED_FUNCTION = YES;
				GCC_WARN_UNUSED_VARIABLE = YES;
				IPHONEOS_DEPLOYMENT_TARGET = 8.2;
				MTL_ENABLE_DEBUG_INFO = YES;
				ONLY_ACTIVE_ARCH = YES;
				SDKROOT = iphoneos;
				TARGETED_DEVICE_FAMILY = "1,2";
			};
			name = Debug;
		};
		43F69B4E1A6C23DA00722282 /* Release */ = {
			isa = XCBuildConfiguration;
			buildSettings = {
				ALWAYS_SEARCH_USER_PATHS = NO;
				CLANG_CXX_LANGUAGE_STANDARD = "gnu++0x";
				CLANG_CXX_LIBRARY = "libc++";
				CLANG_ENABLE_MODULES = YES;
				CLANG_ENABLE_OBJC_ARC = YES;
				CLANG_WARN_BOOL_CONVERSION = YES;
				CLANG_WARN_CONSTANT_CONVERSION = YES;
				CLANG_WARN_DIRECT_OBJC_ISA_USAGE = YES_ERROR;
				CLANG_WARN_EMPTY_BODY = YES;
				CLANG_WARN_ENUM_CONVERSION = YES;
				CLANG_WARN_INT_CONVERSION = YES;
				CLANG_WARN_OBJC_ROOT_CLASS = YES_ERROR;
				CLANG_WARN_UNREACHABLE_CODE = YES;
				CLANG_WARN__DUPLICATE_METHOD_MATCH = YES;
				"CODE_SIGN_IDENTITY[sdk=iphoneos*]" = "iPhone Developer";
				COPY_PHASE_STRIP = NO;
				ENABLE_NS_ASSERTIONS = NO;
				ENABLE_STRICT_OBJC_MSGSEND = YES;
				GCC_C_LANGUAGE_STANDARD = gnu99;
				GCC_WARN_64_TO_32_BIT_CONVERSION = YES;
				GCC_WARN_ABOUT_RETURN_TYPE = YES_ERROR;
				GCC_WARN_UNDECLARED_SELECTOR = YES;
				GCC_WARN_UNINITIALIZED_AUTOS = YES_AGGRESSIVE;
				GCC_WARN_UNUSED_FUNCTION = YES;
				GCC_WARN_UNUSED_VARIABLE = YES;
				IPHONEOS_DEPLOYMENT_TARGET = 8.2;
				MTL_ENABLE_DEBUG_INFO = NO;
				SDKROOT = iphoneos;
				TARGETED_DEVICE_FAMILY = "1,2";
				VALIDATE_PRODUCT = YES;
			};
			name = Release;
		};
		43F69B501A6C23DA00722282 /* Debug */ = {
			isa = XCBuildConfiguration;
			buildSettings = {
				ASSETCATALOG_COMPILER_APPICON_NAME = AppIcon;
				INFOPLIST_FILE = TaxCalculator/Info.plist;
				LD_RUNPATH_SEARCH_PATHS = "$(inherited) @executable_path/Frameworks";
				PRODUCT_NAME = "$(TARGET_NAME)";
			};
			name = Debug;
		};
		43F69B511A6C23DA00722282 /* Release */ = {
			isa = XCBuildConfiguration;
			buildSettings = {
				ASSETCATALOG_COMPILER_APPICON_NAME = AppIcon;
				INFOPLIST_FILE = TaxCalculator/Info.plist;
				LD_RUNPATH_SEARCH_PATHS = "$(inherited) @executable_path/Frameworks";
				PRODUCT_NAME = "$(TARGET_NAME)";
			};
			name = Release;
		};
		43F69B531A6C23DA00722282 /* Debug */ = {
			isa = XCBuildConfiguration;
			buildSettings = {
				BUNDLE_LOADER = "$(TEST_HOST)";
				FRAMEWORK_SEARCH_PATHS = (
					"$(SDKROOT)/Developer/Library/Frameworks",
					"$(inherited)",
				);
				GCC_PREPROCESSOR_DEFINITIONS = (
					"DEBUG=1",
					"$(inherited)",
				);
				INFOPLIST_FILE = TaxCalculatorTests/Info.plist;
				LD_RUNPATH_SEARCH_PATHS = "$(inherited) @executable_path/Frameworks @loader_path/Frameworks";
				PRODUCT_NAME = "$(TARGET_NAME)";
				TEST_HOST = "$(BUILT_PRODUCTS_DIR)/TaxCalculator.app/TaxCalculator";
			};
			name = Debug;
		};
		43F69B541A6C23DA00722282 /* Release */ = {
			isa = XCBuildConfiguration;
			buildSettings = {
				BUNDLE_LOADER = "$(TEST_HOST)";
				FRAMEWORK_SEARCH_PATHS = (
					"$(SDKROOT)/Developer/Library/Frameworks",
					"$(inherited)",
				);
				INFOPLIST_FILE = TaxCalculatorTests/Info.plist;
				LD_RUNPATH_SEARCH_PATHS = "$(inherited) @executable_path/Frameworks @loader_path/Frameworks";
				PRODUCT_NAME = "$(TARGET_NAME)";
				TEST_HOST = "$(BUILT_PRODUCTS_DIR)/TaxCalculator.app/TaxCalculator";
			};
			name = Release;
		};
/* End XCBuildConfiguration section */

/* Begin XCConfigurationList section */
		43F69B271A6C23DA00722282 /* Build configuration list for PBXProject "TaxCalculator" */ = {
			isa = XCConfigurationList;
			buildConfigurations = (
				43F69B4D1A6C23DA00722282 /* Debug */,
				43F69B4E1A6C23DA00722282 /* Release */,
			);
			defaultConfigurationIsVisible = 0;
			defaultConfigurationName = Release;
		};
		43F69B4F1A6C23DA00722282 /* Build configuration list for PBXNativeTarget "TaxCalculator" */ = {
			isa = XCConfigurationList;
			buildConfigurations = (
				43F69B501A6C23DA00722282 /* Debug */,
				43F69B511A6C23DA00722282 /* Release */,
			);
			defaultConfigurationIsVisible = 0;
		};
		43F69B521A6C23DA00722282 /* Build configuration list for PBXNativeTarget "TaxCalculatorTests" */ = {
			isa = XCConfigurationList;
			buildConfigurations = (
				43F69B531A6C23DA00722282 /* Debug */,
				43F69B541A6C23DA00722282 /* Release */,
			);
			defaultConfigurationIsVisible = 0;
		};
/* End XCConfigurationList section */
	};
	rootObject = 43F69B241A6C23DA00722282 /* Project object */;
}
